<?xml version="1.0" encoding="utf-8"?>
<Project ToolsVersion="4.0" xmlns="http://schemas.microsoft.com/developer/msbuild/2003">
  <ItemGroup>
    <Filter Include="Source Files">
      <UniqueIdentifier>{4FC737F1-C7A5-4376-A066-2A32D752A2FF}</UniqueIdentifier>
      <Extensions>cpp;c;cc;cxx;def;odl;idl;hpj;bat;asm;asmx</Extensions>
    </Filter>
    <Filter Include="Header Files">
      <UniqueIdentifier>{93995380-89BD-4b04-88EB-625FBE52EBFB}</UniqueIdentifier>
      <Extensions>h;hh;hpp;hxx;hm;inl;inc;xsd</Extensions>
    </Filter>
  </ItemGroup>
  <ItemGroup>
    <ClInclude Include="gaussians.h">
      <Filter>Header Files</Filter>
    </ClInclude>
    <ClInclude Include="matrix.h">
      <Filter>Header Files</Filter>
    </ClInclude>
    <ClInclude Include="xlcall.h">
      <Filter>Header Files</Filter>
    </ClInclude>
    <ClInclude Include="ConcurrentQueue.h">
      <Filter>Header Files</Filter>
    </ClInclude>
    <ClInclude Include="mcBase.h">
      <Filter>Header Files</Filter>
    </ClInclude>
    <ClInclude Include="mcPrd.h">
      <Filter>Header Files</Filter>
    </ClInclude>
    <ClInclude Include="sobol.h">
      <Filter>Header Files</Filter>
    </ClInclude>
    <ClInclude Include="mrg32k3a.h">
      <Filter>Header Files</Filter>
    </ClInclude>
    <ClInclude Include="interp.h">
      <Filter>Header Files</Filter>
    </ClInclude>
    <ClInclude Include="AADNode.h">
      <Filter>Header Files</Filter>
    </ClInclude>
    <ClInclude Include="AADNumber.h">
      <Filter>Header Files</Filter>
    </ClInclude>
    <ClInclude Include="ivs.h">
      <Filter>Header Files</Filter>
    </ClInclude>
    <ClInclude Include="utility.h">
      <Filter>Header Files</Filter>
    </ClInclude>
    <ClInclude Include="AAD.h">
      <Filter>Header Files</Filter>
    </ClInclude>
    <ClInclude Include="AADExpr.h">
      <Filter>Header Files</Filter>
    </ClInclude>
    <ClInclude Include="analytics.h">
      <Filter>Header Files</Filter>
    </ClInclude>
    <ClInclude Include="mcMdlDupire.h">
      <Filter>Header Files</Filter>
    </ClInclude>
    <ClInclude Include="mcMdlBS.h">
      <Filter>Header Files</Filter>
    </ClInclude>
    <ClInclude Include="mcMdl.h">
      <Filter>Header Files</Filter>
    </ClInclude>
    <ClInclude Include="main.h">
      <Filter>Header Files</Filter>
    </ClInclude>
    <ClInclude Include="store.h">
      <Filter>Header Files</Filter>
    </ClInclude>
    <ClInclude Include="xlframework.h">
      <Filter>Header Files</Filter>
    </ClInclude>
    <ClInclude Include="xlmemorymanager.h">
      <Filter>Header Files</Filter>
    </ClInclude>
    <ClInclude Include="xlMemoryPool.h">
      <Filter>Header Files</Filter>
    </ClInclude>
    <ClInclude Include="xlOper.h">
      <Filter>Header Files</Filter>
    </ClInclude>
    <ClInclude Include="ThreadPool.h">
      <Filter>Header Files</Filter>
    </ClInclude>
    <ClInclude Include="blocklist.h">
      <Filter>Header Files</Filter>
    </ClInclude>
    <ClInclude Include="AADTape.h">
      <Filter>Header Files</Filter>
    </ClInclude>
    <ClInclude Include="toyCode.h">
      <Filter>Header Files</Filter>
    </ClInclude>
    <ClInclude Include="mcMdlMultiDisplaced.h">
      <Filter>Header Files</Filter>
    </ClInclude>
    <ClInclude Include="choldc.h">
      <Filter>Header Files</Filter>
    </ClInclude>
    <ClInclude Include="mcPrdMulti.h">
      <Filter>Header Files</Filter>
    </ClInclude>
  </ItemGroup>
  <ItemGroup>
    <ClCompile Include="xlcall.cpp">
      <Filter>Source Files</Filter>
    </ClCompile>
    <ClCompile Include="xlExport.cpp">
      <Filter>Source Files</Filter>
    </ClCompile>
    <ClCompile Include="ThreadPool.cpp">
      <Filter>Source Files</Filter>
    </ClCompile>
    <ClCompile Include="mcBase.cpp">
      <Filter>Source Files</Filter>
    </ClCompile>
    <ClCompile Include="AAD.cpp">
      <Filter>Source Files</Filter>
    </ClCompile>
    <ClCompile Include="xlMemoryManager.cpp">
      <Filter>Source Files</Filter>
    </ClCompile>
    <ClCompile Include="xlMemoryPool.cpp">
      <Filter>Source Files</Filter>
    </ClCompile>
    <ClCompile Include="sobol.cpp">
      <Filter>Source Files</Filter>
    </ClCompile>
  </ItemGroup>
</Project>