
Microsoft Visual Studio Solution File, Format Version 12.00
# Visual Studio 15
VisualStudioVersion = 15.0.27703.2026
MinimumVisualStudioVersion = 10.0.40219.1
Project("{8BC9CEB8-8B4A-11D0-8D11-00A0C91BC942}") = "xlComp", "xlComp.vcxproj", "{ACEA4631-013B-4AD4-9780-3DC6039A7A51}"
EndProject
Global
	GlobalSection(SolutionConfigurationPlatforms) = preSolution
		Debug|x64 = Debug|x64
		Debug|x86 = Debug|x86
		Release|x64 = Release|x64
		Release|x86 = Release|x86
	EndGlobalSection
	GlobalSection(ProjectConfigurationPlatforms) = postSolution
		{ACEA4631-013B-4AD4-9780-3DC6039A7A51}.Debug|x64.ActiveCfg = Debug|x64
		{ACEA4631-013B-4AD4-9780-3DC6039A7A51}.Debug|x64.Build.0 = Debug|x64
		{ACEA4631-013B-4AD4-9780-3DC6039A7A51}.Debug|x86.ActiveCfg = Debug|Win32
		{ACEA4631-013B-4AD4-9780-3DC6039A7A51}.Debug|x86.Build.0 = Debug|Win32
		{ACEA4631-013B-4AD4-9780-3DC6039A7A51}.Release|x64.ActiveCfg = Release|x64
		{ACEA4631-013B-4AD4-9780-3DC6039A7A51}.Release|x64.Build.0 = Release|x64
		{ACEA4631-013B-4AD4-9780-3DC6039A7A51}.Release|x86.ActiveCfg = Release|Win32
		{ACEA4631-013B-4AD4-9780-3DC6039A7A51}.Release|x86.Build.0 = Release|Win32
	EndGlobalSection
	GlobalSection(SolutionProperties) = preSolution
		HideSolutionNode = FALSE
	EndGlobalSection
	GlobalSection(ExtensibilityGlobals) = postSolution
		SolutionGuid = {B8A5CF54-BDB0-4962-8998-C9DEDAB4D496}
	EndGlobalSection
EndGlobal
